
Microsoft Visual Studio Solution File, Format Version 10.00
# Visual Studio 2008
Project("{8BC9CEB8-8B4A-11D0-8D11-00A0C91BC942}") = "MapFile", "MapFile\MapFile.vcproj", "{212F6356-58B6-48D7-9180-89912485D092}"
EndProject
Global
	GlobalSection(SolutionConfigurationPlatforms) = preSolution
		Debug|Win32 = Debug|Win32
		Release|Win32 = Release|Win32
	EndGlobalSection
	GlobalSection(ProjectConfigurationPlatforms) = postSolution
		{212F6356-58B6-48D7-9180-89912485D092}.Debug|Win32.ActiveCfg = Debug|Win32
		{212F6356-58B6-48D7-9180-89912485D092}.Debug|Win32.Build.0 = Debug|Win32
		{212F6356-58B6-48D7-9180-89912485D092}.Release|Win32.ActiveCfg = Release|Win32
		{212F6356-58B6-48D7-9180-89912485D092}.Release|Win32.Build.0 = Release|Win32
	EndGlobalSection
	GlobalSection(SolutionProperties) = preSolution
		HideSolutionNode = FALSE
	EndGlobalSection
EndGlobal
